github.com/davecgh/go-spew v1.1.2-0.20180830191138-d8f796af33cc h1:U9qPSI2PIWSS1VwoXQT9A3Wy9MM3WgvqSxFWenqJduM=
github.com/davecgh/go-spew v1.1.2-0.20180830191138-d8f796af33cc/go.mod h1:J7Y8YcW2NihsgmVo/mv3lAwl/skON4iLHjSsI+c5H38=
github.com/golang-jwt/jwt/v4 v4.5.2 h1:YtQM7lnr8iZ+j5q71MGKkNw9Mn7AjHM68uc9g5fXeUI=
github.com/golang-jwt/jwt/v4 v4.5.2/go.mod h1:m21LjoU+eqJr34lmDMbreY2eSTRJ1cv77w39/MY0Ch0=
github.com/jinzhu/copier v0.4.0 h1:w3ciUoD19shMCRargcpm0cm91ytaBhDvuRpz1ODO/U8=
github.com/jinzhu/copier v0.4.0/go.mod h1:DfbEm0FYsaqBcKcFuvmOZb218JkPGtvSHsKg8S8hyyg=
github.com/openimsdk/open-im-server/v3 v3.8.3 h1:jwyReXu1Q/SkMCIXvtQ/4qO1ezxpjJY7du2JgjQecRA=
github.com/openimsdk/open-im-server/v3 v3.8.3/go.mod h1:S7QPxOpDuml3AU6kM0i79OENehoJHGHU8fz8Z54txEc=
github.com/openimsdk/protocol v0.0.72 h1:K+vslwaR7lDXyBzb07UuEQITaqsgighz7NyXVIWsu6A=
github.com/openimsdk/protocol v0.0.72/go.mod h1:OZQA9FR55lseYoN2Ql1XAHYKHJGu7OMNkUbuekrKCM8=
github.com/openimsdk/tools v0.0.50-alpha.63 h1:dPoVvg4KWqYX/xtK3j96TwX2A/4jwT5S5XIHvSM9hTY=
github.com/openimsdk/tools v0.0.50-alpha.63/go.mod h1:B+oqV0zdewN7OiEHYJm+hW+8/Te7B8tHHgD8rK5ZLZk=
github.com/pmezard/go-difflib v1.0.1-0.20181226105442-5d4384ee4fb2 h1:Jamvg5psRIccs7FGNTlIRMkT8wgtp5eCXdBlqhYGL6U=
github.com/pmezard/go-difflib v1.0.1-0.20181226105442-5d4384ee4fb2/go.mod h1:iKH77koFhYxTK1pcRnkKkqfTogsbg7gZNVY4sRDYZ/4=
github.com/stretchr/testify v1.9.0 h1:HtqpIVDClZ4nwg75+f6Lvsy/wHu+3BoSGCbBAcpTsTg=
github.com/stretchr/testify v1.9.0/go.mod h1:r2ic/lqez/lEtzL7wO/rwa5dbSLXVDPFyf8C91i36aY=
gopkg.in/yaml.v3 v3.0.1 h1:fxVm/GzAzEWqLHuvctI91KS9hhNmmWOoWu0XTYJS7CA=
gopkg.in/yaml.v3 v3.0.1/go.mod h1:K4uyk7z7BCEPqu6E+C64Yfv1cQ7kz7rIZviUmN+EgEM=
